Microsoft Visual Studio Solution File, Format Version 12.00
# Visual Studio Version 17
VisualStudioVersion = 17.5.2.0
MinimumVisualStudioVersion = 10.0.40219.1
Project("{2150E333-8FDC-42A3-9474-1A3956D46DE8}") = "09-dockerize-projects", "09-dockerize-projects", "{980618AE-4809-F1AC-4C20-F126F6FF54D2}"
EndProject
Project("{2150E333-8FDC-42A3-9474-1A3956D46DE8}") = "10-net9-remix-pg-env", "10-net9-remix-pg-env", "{4FA39B9A-8FD5-0110-4899-D52A07EC137E}"
EndProject
Project("{FAE04EC0-301F-11D3-BF4B-00C04F79EFBC}") = "DotNetApp", "09-dockerize-projects\DotNetApp\DotNetApp.csproj", "{B5FA5BF2-B89F-04B0-73D3-505AE79F90BA}"
EndProject
Project("{FAE04EC0-301F-11D3-BF4B-00C04F79EFBC}") = "Backend", "10-net9-remix-pg-env\Backend\Backend.csproj", "{B4C310F7-5F2E-E37A-7832-0D9B66E5D823}"
EndProject
Global
	GlobalSection(SolutionConfigurationPlatforms) = preSolution
		Debug|Any CPU = Debug|Any CPU
		Release|Any CPU = Release|Any CPU
	EndGlobalSection
	GlobalSection(ProjectConfigurationPlatforms) = postSolution
		{B5FA5BF2-B89F-04B0-73D3-505AE79F90BA}.Debug|Any CPU.ActiveCfg = Debug|Any CPU
		{B5FA5BF2-B89F-04B0-73D3-505AE79F90BA}.Debug|Any CPU.Build.0 = Debug|Any CPU
		{B5FA5BF2-B89F-04B0-73D3-505AE79F90BA}.Release|Any CPU.ActiveCfg = Release|Any CPU
		{B5FA5BF2-B89F-04B0-73D3-505AE79F90BA}.Release|Any CPU.Build.0 = Release|Any CPU
		{B4C310F7-5F2E-E37A-7832-0D9B66E5D823}.Debug|Any CPU.ActiveCfg = Debug|Any CPU
		{B4C310F7-5F2E-E37A-7832-0D9B66E5D823}.Debug|Any CPU.Build.0 = Debug|Any CPU
		{B4C310F7-5F2E-E37A-7832-0D9B66E5D823}.Release|Any CPU.ActiveCfg = Release|Any CPU
		{B4C310F7-5F2E-E37A-7832-0D9B66E5D823}.Release|Any CPU.Build.0 = Release|Any CPU
	EndGlobalSection
	GlobalSection(SolutionProperties) = preSolution
		HideSolutionNode = FALSE
	EndGlobalSection
	GlobalSection(NestedProjects) = preSolution
		{B5FA5BF2-B89F-04B0-73D3-505AE79F90BA} = {980618AE-4809-F1AC-4C20-F126F6FF54D2}
		{B4C310F7-5F2E-E37A-7832-0D9B66E5D823} = {4FA39B9A-8FD5-0110-4899-D52A07EC137E}
	EndGlobalSection
	GlobalSection(ExtensibilityGlobals) = postSolution
		SolutionGuid = {08FDE67F-F7C5-4323-BB73-3B390224F388}
	EndGlobalSection
EndGlobal
